# This file is automatically @generated by Cargo.
# It is not intended for manual editing.
[[package]]
name = "fuckr"
version = "0.1.0"
dependencies = [
 "other 0.1.0",
]

[[package]]
name = "minigrep"
version = "0.1.0"
dependencies = [
 "fuckr 0.1.0",
]

[[package]]
name = "other"
version = "0.1.0"

